{
  "name": "vue-comment",
  "version": "1.0.0",
  "lockfileVersion": 1,
  "requires": true,
  "dependencies": {
    "deep-equal": {
      "version": "0.0.0",
      "resolved": "http://registry.npm.taobao.org/deep-equal/download/deep-equal-0.0.0.tgz",
      "integrity": "sha1-mWedO70EcVb81FDT0B7rkGhpHoM="
    },
    "defined": {
      "version": "0.0.0",
      "resolved": "http://registry.npm.taobao.org/defined/download/defined-0.0.0.tgz",
      "integrity": "sha1-817qfXBekzuvE7LwOz+D2SFAOz4="
    },
    "element": {
      "version": "0.1.4",
      "resolved": "http://registry.npm.taobao.org/element/download/element-0.1.4.tgz",
      "integrity": "sha1-FkInkGEyildKaS4OUYTmLBgKZoU=",
      "requires": {
        "ent": "0.0.5",
        "global": "2.0.7",
        "lru-cache": "2.3.1"
      }
    },
    "ent": {
      "version": "0.0.5",
      "resolved": "http://registry.npm.taobao.org/ent/download/ent-0.0.5.tgz",
      "integrity": "sha1-mLRJjYqJ17jXiveqoHFGdXg8e04="
    },
    "global": {
      "version": "2.0.7",
      "resolved": "http://registry.npm.taobao.org/global/download/global-2.0.7.tgz",
      "integrity": "sha1-1DqcPR7HkV9kXY4OsKxgAQ6eBs0=",
      "requires": {
        "min-document": "0.2.8",
        "process": "0.5.2"
      }
    },
    "jsonify": {
      "version": "0.0.0",
      "resolved": "http://registry.npm.taobao.org/jsonify/download/jsonify-0.0.0.tgz",
      "integrity": "sha1-LHS27kHZPKUbe1qu6PUDYx0lKnM="
    },
    "lru-cache": {
      "version": "2.3.1",
      "resolved": "http://registry.npm.taobao.org/lru-cache/download/lru-cache-2.3.1.tgz",
      "integrity": "sha1-s632s9hW6VTiw5DmzvIggSRaU9Y="
    },
    "min-document": {
      "version": "0.2.8",
      "resolved": "http://registry.npm.taobao.org/min-document/download/min-document-0.2.8.tgz",
      "integrity": "sha1-82IM9WA2ERVcuUFtCrVXaxbVPeM=",
      "requires": {
        "tape": "1.0.4"
      }
    },
    "process": {
      "version": "0.5.2",
      "resolved": "http://registry.npm.taobao.org/process/download/process-0.5.2.tgz",
      "integrity": "sha1-FjjYqONML0QKkduVq5rrZ3/Bhc8="
    },
    "tape": {
      "version": "1.0.4",
      "resolved": "http://registry.npm.taobao.org/tape/download/tape-1.0.4.tgz",
      "integrity": "sha1-4ujlxt0/AP3CpeRRT2L8Ih5Z+cQ=",
      "requires": {
        "deep-equal": "0.0.0",
        "defined": "0.0.0",
        "jsonify": "0.0.0",
        "through": "2.3.8"
      }
    },
    "through": {
      "version": "2.3.8",
      "resolved": "http://registry.npm.taobao.org/through/download/through-2.3.8.tgz",
      "integrity": "sha1-DdTJ/6q8NXlgsbckEV1+Doai4fU="
    },
    "vue-router": {
      "version": "3.0.1",
      "resolved": "http://registry.npm.taobao.org/vue-router/download/vue-router-3.0.1.tgz",
      "integrity": "sha1-2bBa2cdCC6D2JtZQDWk+YAkswek="
    }
  }
}
